
Microsoft Visual Studio Solution File, Format Version 12.00
# Visual Studio 15
VisualStudioVersion = 15.0.28010.0
MinimumVisualStudioVersion = 10.0.40219.1
Project("{9A19103F-16F7-4668-BE54-9A1E7A4F7556}") = "NWT.Web", "NWT\NWT.Web.csproj", "{10926049-20BA-44D0-838B-775D9FB84D2E}"
EndProject
Project("{9A19103F-16F7-4668-BE54-9A1E7A4F7556}") = "NWT.Data", "NWT.Data\NWT.Data.csproj", "{CE05AC37-0090-452D-83AA-4C57E8E05F72}"
EndProject
Project("{2150E333-8FDC-42A3-9474-1A3956D46DE8}") = "Infrastructure", "Infrastructure", "{41F56F95-44F7-4EED-AF88-F0F21EF2212C}"
EndProject
Project("{2150E333-8FDC-42A3-9474-1A3956D46DE8}") = "Core", "Core", "{61A946BD-6AA7-4985-A8FF-E86494EA3034}"
EndProject
Project("{9A19103F-16F7-4668-BE54-9A1E7A4F7556}") = "NWT.Domain", "NWT.Domain\NWT.Domain.csproj", "{06954CAB-4E17-47A2-898D-FEF5F41D23D6}"
EndProject
Project("{9A19103F-16F7-4668-BE54-9A1E7A4F7556}") = "NWT.Application", "NWT.Application\NWT.Application.csproj", "{F9E1F718-F5DA-441E-889A-D4C9E6E51947}"
EndProject
Project("{2150E333-8FDC-42A3-9474-1A3956D46DE8}") = "Common", "Common", "{BAA5D149-0E1C-443C-8F8F-93F695FE50C7}"
EndProject
Project("{9A19103F-16F7-4668-BE54-9A1E7A4F7556}") = "NWT.Common", "NWT.Common\NWT.Common.csproj", "{BF40B1DF-75F6-4316-BD79-C5EEA2ECDBD3}"
EndProject
Project("{2150E333-8FDC-42A3-9474-1A3956D46DE8}") = "Presentation", "Presentation", "{622A781E-000E-4552-B640-87B413AFD5B0}"
EndProject
Project("{2150E333-8FDC-42A3-9474-1A3956D46DE8}") = "Tests", "Tests", "{21156A48-BB16-4A41-8B28-E58CBA955587}"
EndProject
Project("{9A19103F-16F7-4668-BE54-9A1E7A4F7556}") = "CustomerTests", "CustomerTests\CustomerTests.csproj", "{0CAABDC9-100E-4CE9-B685-8A25FAA87BC7}"
EndProject
Project("{9A19103F-16F7-4668-BE54-9A1E7A4F7556}") = "NWT.Infrastructure", "NWT.Infrastructure\NWT.Infrastructure.csproj", "{0B802E8C-38A4-4382-86A1-C3B5347C9F1D}"
EndProject
Project("{2150E333-8FDC-42A3-9474-1A3956D46DE8}") = "src", "src", "{E571C2E9-F7F8-4165-96AA-F9462A306F41}"
EndProject
Global
	GlobalSection(SolutionConfigurationPlatforms) = preSolution
		Debug|Any CPU = Debug|Any CPU
		Release|Any CPU = Release|Any CPU
	EndGlobalSection
	GlobalSection(ProjectConfigurationPlatforms) = postSolution
		{10926049-20BA-44D0-838B-775D9FB84D2E}.Debug|Any CPU.ActiveCfg = Debug|Any CPU
		{10926049-20BA-44D0-838B-775D9FB84D2E}.Debug|Any CPU.Build.0 = Debug|Any CPU
		{10926049-20BA-44D0-838B-775D9FB84D2E}.Release|Any CPU.ActiveCfg = Release|Any CPU
		{10926049-20BA-44D0-838B-775D9FB84D2E}.Release|Any CPU.Build.0 = Release|Any CPU
		{CE05AC37-0090-452D-83AA-4C57E8E05F72}.Debug|Any CPU.ActiveCfg = Debug|Any CPU
		{CE05AC37-0090-452D-83AA-4C57E8E05F72}.Debug|Any CPU.Build.0 = Debug|Any CPU
		{CE05AC37-0090-452D-83AA-4C57E8E05F72}.Release|Any CPU.ActiveCfg = Release|Any CPU
		{CE05AC37-0090-452D-83AA-4C57E8E05F72}.Release|Any CPU.Build.0 = Release|Any CPU
		{06954CAB-4E17-47A2-898D-FEF5F41D23D6}.Debug|Any CPU.ActiveCfg = Debug|Any CPU
		{06954CAB-4E17-47A2-898D-FEF5F41D23D6}.Debug|Any CPU.Build.0 = Debug|Any CPU
		{06954CAB-4E17-47A2-898D-FEF5F41D23D6}.Release|Any CPU.ActiveCfg = Release|Any CPU
		{06954CAB-4E17-47A2-898D-FEF5F41D23D6}.Release|Any CPU.Build.0 = Release|Any CPU
		{F9E1F718-F5DA-441E-889A-D4C9E6E51947}.Debug|Any CPU.ActiveCfg = Debug|Any CPU
		{F9E1F718-F5DA-441E-889A-D4C9E6E51947}.Debug|Any CPU.Build.0 = Debug|Any CPU
		{F9E1F718-F5DA-441E-889A-D4C9E6E51947}.Release|Any CPU.ActiveCfg = Release|Any CPU
		{F9E1F718-F5DA-441E-889A-D4C9E6E51947}.Release|Any CPU.Build.0 = Release|Any CPU
		{BF40B1DF-75F6-4316-BD79-C5EEA2ECDBD3}.Debug|Any CPU.ActiveCfg = Debug|Any CPU
		{BF40B1DF-75F6-4316-BD79-C5EEA2ECDBD3}.Debug|Any CPU.Build.0 = Debug|Any CPU
		{BF40B1DF-75F6-4316-BD79-C5EEA2ECDBD3}.Release|Any CPU.ActiveCfg = Release|Any CPU
		{BF40B1DF-75F6-4316-BD79-C5EEA2ECDBD3}.Release|Any CPU.Build.0 = Release|Any CPU
		{0CAABDC9-100E-4CE9-B685-8A25FAA87BC7}.Debug|Any CPU.ActiveCfg = Debug|Any CPU
		{0CAABDC9-100E-4CE9-B685-8A25FAA87BC7}.Debug|Any CPU.Build.0 = Debug|Any CPU
		{0CAABDC9-100E-4CE9-B685-8A25FAA87BC7}.Release|Any CPU.ActiveCfg = Release|Any CPU
		{0CAABDC9-100E-4CE9-B685-8A25FAA87BC7}.Release|Any CPU.Build.0 = Release|Any CPU
		{0B802E8C-38A4-4382-86A1-C3B5347C9F1D}.Debug|Any CPU.ActiveCfg = Debug|Any CPU
		{0B802E8C-38A4-4382-86A1-C3B5347C9F1D}.Debug|Any CPU.Build.0 = Debug|Any CPU
		{0B802E8C-38A4-4382-86A1-C3B5347C9F1D}.Release|Any CPU.ActiveCfg = Release|Any CPU
		{0B802E8C-38A4-4382-86A1-C3B5347C9F1D}.Release|Any CPU.Build.0 = Release|Any CPU
	EndGlobalSection
	GlobalSection(SolutionProperties) = preSolution
		HideSolutionNode = FALSE
	EndGlobalSection
	GlobalSection(NestedProjects) = preSolution
		{10926049-20BA-44D0-838B-775D9FB84D2E} = {622A781E-000E-4552-B640-87B413AFD5B0}
		{CE05AC37-0090-452D-83AA-4C57E8E05F72} = {41F56F95-44F7-4EED-AF88-F0F21EF2212C}
		{41F56F95-44F7-4EED-AF88-F0F21EF2212C} = {E571C2E9-F7F8-4165-96AA-F9462A306F41}
		{61A946BD-6AA7-4985-A8FF-E86494EA3034} = {E571C2E9-F7F8-4165-96AA-F9462A306F41}
		{06954CAB-4E17-47A2-898D-FEF5F41D23D6} = {61A946BD-6AA7-4985-A8FF-E86494EA3034}
		{F9E1F718-F5DA-441E-889A-D4C9E6E51947} = {61A946BD-6AA7-4985-A8FF-E86494EA3034}
		{BAA5D149-0E1C-443C-8F8F-93F695FE50C7} = {E571C2E9-F7F8-4165-96AA-F9462A306F41}
		{BF40B1DF-75F6-4316-BD79-C5EEA2ECDBD3} = {BAA5D149-0E1C-443C-8F8F-93F695FE50C7}
		{622A781E-000E-4552-B640-87B413AFD5B0} = {E571C2E9-F7F8-4165-96AA-F9462A306F41}
		{0CAABDC9-100E-4CE9-B685-8A25FAA87BC7} = {21156A48-BB16-4A41-8B28-E58CBA955587}
		{0B802E8C-38A4-4382-86A1-C3B5347C9F1D} = {41F56F95-44F7-4EED-AF88-F0F21EF2212C}
	EndGlobalSection
	GlobalSection(ExtensibilityGlobals) = postSolution
		SolutionGuid = {C9B78ECF-BDA9-4054-BF60-98B57717589B}
	EndGlobalSection
EndGlobal
